
Microsoft Visual Studio Solution File, Format Version 12.00
# Visual Studio Version 17
VisualStudioVersion = 17.2.32616.157
MinimumVisualStudioVersion = 10.0.40219.1
Project("{9A19103F-16F7-4668-BE54-9A1E7A4F7556}") = "Private", "Private\Private.csproj", "{0810CD34-39F3-4776-A38C-B9E118975FAB}"
EndProject
Project("{9A19103F-16F7-4668-BE54-9A1E7A4F7556}") = "Book", "Book\Book\Book.csproj", "{841DE3D4-0012-4FA9-AE2F-598A518A75E9}"
EndProject
Project("{9A19103F-16F7-4668-BE54-9A1E7A4F7556}") = "BaekJoon", "BaekJoon\BaekJoon.csproj", "{D8116E35-B1F6-41CF-B95E-D13CFF19DBBF}"
EndProject
Global
	GlobalSection(SolutionConfigurationPlatforms) = preSolution
		Debug|Any CPU = Debug|Any CPU
		Release|Any CPU = Release|Any CPU
	EndGlobalSection
	GlobalSection(ProjectConfigurationPlatforms) = postSolution
		{0810CD34-39F3-4776-A38C-B9E118975FAB}.Debug|Any CPU.ActiveCfg = Debug|Any CPU
		{0810CD34-39F3-4776-A38C-B9E118975FAB}.Debug|Any CPU.Build.0 = Debug|Any CPU
		{0810CD34-39F3-4776-A38C-B9E118975FAB}.Release|Any CPU.ActiveCfg = Release|Any CPU
		{0810CD34-39F3-4776-A38C-B9E118975FAB}.Release|Any CPU.Build.0 = Release|Any CPU
		{841DE3D4-0012-4FA9-AE2F-598A518A75E9}.Debug|Any CPU.ActiveCfg = Debug|Any CPU
		{841DE3D4-0012-4FA9-AE2F-598A518A75E9}.Debug|Any CPU.Build.0 = Debug|Any CPU
		{841DE3D4-0012-4FA9-AE2F-598A518A75E9}.Release|Any CPU.ActiveCfg = Release|Any CPU
		{841DE3D4-0012-4FA9-AE2F-598A518A75E9}.Release|Any CPU.Build.0 = Release|Any CPU
		{D8116E35-B1F6-41CF-B95E-D13CFF19DBBF}.Debug|Any CPU.ActiveCfg = Debug|Any CPU
		{D8116E35-B1F6-41CF-B95E-D13CFF19DBBF}.Debug|Any CPU.Build.0 = Debug|Any CPU
		{D8116E35-B1F6-41CF-B95E-D13CFF19DBBF}.Release|Any CPU.ActiveCfg = Release|Any CPU
		{D8116E35-B1F6-41CF-B95E-D13CFF19DBBF}.Release|Any CPU.Build.0 = Release|Any CPU
	EndGlobalSection
	GlobalSection(SolutionProperties) = preSolution
		HideSolutionNode = FALSE
	EndGlobalSection
	GlobalSection(ExtensibilityGlobals) = postSolution
		SolutionGuid = {69AF4685-63D2-467E-B35E-A2265A48083D}
	EndGlobalSection
EndGlobal
